
Microsoft Visual Studio Solution File, Format Version 12.00
# Visual Studio Version 16
VisualStudioVersion = 16.0.31112.23
MinimumVisualStudioVersion = 10.0.40219.1
Project("{FAE04EC0-301F-11D3-BF4B-00C04F79EFBC}") = "CoffeeMachine", "CoffeeMachine\CoffeeMachine.csproj", "{05F18D75-410F-46C1-AD8A-093BE5DB8A4E}"
EndProject
Global
	GlobalSection(SolutionConfigurationPlatforms) = preSolution
		Debug|Any CPU = Debug|Any CPU
		Release|Any CPU = Release|Any CPU
	EndGlobalSection
	GlobalSection(ProjectConfigurationPlatforms) = postSolution
		{05F18D75-410F-46C1-AD8A-093BE5DB8A4E}.Debug|Any CPU.ActiveCfg = Debug|Any CPU
		{05F18D75-410F-46C1-AD8A-093BE5DB8A4E}.Debug|Any CPU.Build.0 = Debug|Any CPU
		{05F18D75-410F-46C1-AD8A-093BE5DB8A4E}.Release|Any CPU.ActiveCfg = Release|Any CPU
		{05F18D75-410F-46C1-AD8A-093BE5DB8A4E}.Release|Any CPU.Build.0 = Release|Any CPU
	EndGlobalSection
	GlobalSection(SolutionProperties) = preSolution
		HideSolutionNode = FALSE
	EndGlobalSection
	GlobalSection(ExtensibilityGlobals) = postSolution
		SolutionGuid = {332DBB15-42AF-4BDF-845B-7392E4768876}
	EndGlobalSection
EndGlobal
